
Microsoft Visual Studio Solution File, Format Version 12.00
# Visual Studio Version 16
VisualStudioVersion = 16.0.29920.165
MinimumVisualStudioVersion = 10.0.40219.1
Project("{8BC9CEB8-8B4A-11D0-8D11-00A0C91BC942}") = "leetcode_no162_寻找峰值_w1", "leetcode_no162_寻找峰值_w1.vcxproj", "{051F2E4A-BC27-4ACD-B550-2FAA5561601E}"
EndProject
Global
	GlobalSection(SolutionConfigurationPlatforms) = preSolution
		Debug|x64 = Debug|x64
		Debug|x86 = Debug|x86
		Release|x64 = Release|x64
		Release|x86 = Release|x86
	EndGlobalSection
	GlobalSection(ProjectConfigurationPlatforms) = postSolution
		{051F2E4A-BC27-4ACD-B550-2FAA5561601E}.Debug|x64.ActiveCfg = Debug|x64
		{051F2E4A-BC27-4ACD-B550-2FAA5561601E}.Debug|x64.Build.0 = Debug|x64
		{051F2E4A-BC27-4ACD-B550-2FAA5561601E}.Debug|x86.ActiveCfg = Debug|Win32
		{051F2E4A-BC27-4ACD-B550-2FAA5561601E}.Debug|x86.Build.0 = Debug|Win32
		{051F2E4A-BC27-4ACD-B550-2FAA5561601E}.Release|x64.ActiveCfg = Release|x64
		{051F2E4A-BC27-4ACD-B550-2FAA5561601E}.Release|x64.Build.0 = Release|x64
		{051F2E4A-BC27-4ACD-B550-2FAA5561601E}.Release|x86.ActiveCfg = Release|Win32
		{051F2E4A-BC27-4ACD-B550-2FAA5561601E}.Release|x86.Build.0 = Release|Win32
	EndGlobalSection
	GlobalSection(SolutionProperties) = preSolution
		HideSolutionNode = FALSE
	EndGlobalSection
	GlobalSection(ExtensibilityGlobals) = postSolution
		SolutionGuid = {F628A30C-0729-4608-A87A-3A30ACD80F2C}
	EndGlobalSection
EndGlobal
